
Microsoft Visual Studio Solution File, Format Version 12.00
# Visual Studio Version 16
VisualStudioVersion = 16.0.30320.27
MinimumVisualStudioVersion = 10.0.40219.1
Project("{FAE04EC0-301F-11D3-BF4B-00C04F79EFBC}") = "EddyHomePage", "EddyHomePage\EddyHomePage.csproj", "{5455BF46-2FFD-4B7B-A80D-8C87996F3D63}"
EndProject
Project("{FAE04EC0-301F-11D3-BF4B-00C04F79EFBC}") = "EddyNewHome", "EddyNewHome\EddyNewHome.csproj", "{D309EC84-EAE0-4DCD-AEF2-FFC2D8B33EED}"
EndProject
Global
	GlobalSection(SolutionConfigurationPlatforms) = preSolution
		Debug|Any CPU = Debug|Any CPU
		Release|Any CPU = Release|Any CPU
	EndGlobalSection
	GlobalSection(ProjectConfigurationPlatforms) = postSolution
		{5455BF46-2FFD-4B7B-A80D-8C87996F3D63}.Debug|Any CPU.ActiveCfg = Debug|Any CPU
		{5455BF46-2FFD-4B7B-A80D-8C87996F3D63}.Debug|Any CPU.Build.0 = Debug|Any CPU
		{5455BF46-2FFD-4B7B-A80D-8C87996F3D63}.Release|Any CPU.ActiveCfg = Release|Any CPU
		{5455BF46-2FFD-4B7B-A80D-8C87996F3D63}.Release|Any CPU.Build.0 = Release|Any CPU
		{D309EC84-EAE0-4DCD-AEF2-FFC2D8B33EED}.Debug|Any CPU.ActiveCfg = Debug|Any CPU
		{D309EC84-EAE0-4DCD-AEF2-FFC2D8B33EED}.Debug|Any CPU.Build.0 = Debug|Any CPU
		{D309EC84-EAE0-4DCD-AEF2-FFC2D8B33EED}.Release|Any CPU.ActiveCfg = Release|Any CPU
		{D309EC84-EAE0-4DCD-AEF2-FFC2D8B33EED}.Release|Any CPU.Build.0 = Release|Any CPU
	EndGlobalSection
	GlobalSection(SolutionProperties) = preSolution
		HideSolutionNode = FALSE
	EndGlobalSection
	GlobalSection(ExtensibilityGlobals) = postSolution
		SolutionGuid = {505CABA8-1B72-4FD9-85C0-B58B2A6DDA5E}
	EndGlobalSection
EndGlobal
